{
  "name": "@mikefesta/3dc-validator-cli",
  "version": "1.0.0-alpha.7",
  "lockfileVersion": 2,
  "requires": true,
  "packages": {
    "": {
      "name": "@mikefesta/3dc-validator-cli",
      "version": "1.0.0-alpha.7",
      "license": "SPDX-License-Identifier: Apache-2.0",
      "dependencies": {
        "@mikefesta/3dc-validator": "^1.0.0-alpha.7",
        "chalk": "^5.0.1"
      },
      "devDependencies": {
        "tslib": "^2.4.0"
      }
    },
    "node_modules/@babylonjs/core": {
      "version": "5.19.0",
      "resolved": "https://registry.npmjs.org/@babylonjs/core/-/core-5.19.0.tgz",
      "integrity": "sha512-ZnIxZsyiF4qsmbJiwnAT3E/sqSHmth4TWqqZ8pRPMk1a9K/I6kh2JCn1QY4ant0dnH4zTAJL+4iaYhFzFPiQlg==",
      "dependencies": {
        "tslib": "^2.4.0"
      }
    },
    "node_modules/@babylonjs/loaders": {
      "version": "5.19.0",
      "resolved": "https://registry.npmjs.org/@babylonjs/loaders/-/loaders-5.19.0.tgz",
      "integrity": "sha512-8+Crf9udgDS3a70S54wevukJPMsHIMf4FSchwdvMyb5goktNf0T3+fptMe8UVdkmcCztYqIgCkBrUAtHRVQksA==",
      "dependencies": {
        "tslib": "^2.4.0"
      },
      "peerDependencies": {
        "@babylonjs/core": "^5.0.0",
        "babylonjs-gltf2interface": "^5.0.0"
      }
    },
    "node_modules/@mikefesta/3dc-validator": {
      "version": "1.0.0-alpha.7",
      "resolved": "https://registry.npmjs.org/@mikefesta/3dc-validator/-/3dc-validator-1.0.0-alpha.7.tgz",
      "integrity": "sha512-VIGRtJ02gNd4z5oWail0SEH8Ieh03mUxvSaJSezfSnb2FKfDAw5kEmZzuPO8CzBNjl1Fll2GsKhBFmJkVaByVw==",
      "dependencies": {
        "@babylonjs/core": "^5.18.0",
        "@babylonjs/loaders": "^5.18.0",
        "gltf-validator": "^2.0.0-dev.3.9"
      }
    },
    "node_modules/babylonjs-gltf2interface": {
      "version": "5.19.0",
      "resolved": "https://registry.npmjs.org/babylonjs-gltf2interface/-/babylonjs-gltf2interface-5.19.0.tgz",
      "integrity": "sha512-ZP8r5tRysL3MODOS6SCtJBTS12sJhRDENVaq/cPi0iv2OlWxmW5sKpBAe/5bunC+I/tWzTJeYu4c2sTNPQ1Pkw==",
      "peer": true
    },
    "node_modules/chalk": {
      "version": "5.0.1",
      "resolved": "https://registry.npmjs.org/chalk/-/chalk-5.0.1.tgz",
      "integrity": "sha512-Fo07WOYGqMfCWHOzSXOt2CxDbC6skS/jO9ynEcmpANMoPrD+W1r1K6Vx7iNm+AQmETU1Xr2t+n8nzkV9t6xh3w==",
      "engines": {
        "node": "^12.17.0 || ^14.13 || >=16.0.0"
      },
      "funding": {
        "url": "https://github.com/chalk/chalk?sponsor=1"
      }
    },
    "node_modules/gltf-validator": {
      "version": "2.0.0-dev.3.9",
      "resolved": "https://registry.npmjs.org/gltf-validator/-/gltf-validator-2.0.0-dev.3.9.tgz",
      "integrity": "sha512-9nPcAgYJwT6sbml7S3/tC+N/BkqTUSL1u8GcmUQLuwToLR0ZH8CF3i/BhVqDwlg7OmKS2GGjjEcnU/oMMeIQUQ=="
    },
    "node_modules/tslib": {
      "version": "2.4.0",
      "resolved": "https://registry.npmjs.org/tslib/-/tslib-2.4.0.tgz",
      "integrity": "sha512-d6xOpEDfsi2CZVlPQzGeux8XMwLT9hssAsaPYExaQMuYskwb+x1x7J371tWlbBdWHroy99KnVB6qIkUbs5X3UQ=="
    }
  },
  "dependencies": {
    "@babylonjs/core": {
      "version": "5.19.0",
      "resolved": "https://registry.npmjs.org/@babylonjs/core/-/core-5.19.0.tgz",
      "integrity": "sha512-ZnIxZsyiF4qsmbJiwnAT3E/sqSHmth4TWqqZ8pRPMk1a9K/I6kh2JCn1QY4ant0dnH4zTAJL+4iaYhFzFPiQlg==",
      "requires": {
        "tslib": "^2.4.0"
      }
    },
    "@babylonjs/loaders": {
      "version": "5.19.0",
      "resolved": "https://registry.npmjs.org/@babylonjs/loaders/-/loaders-5.19.0.tgz",
      "integrity": "sha512-8+Crf9udgDS3a70S54wevukJPMsHIMf4FSchwdvMyb5goktNf0T3+fptMe8UVdkmcCztYqIgCkBrUAtHRVQksA==",
      "requires": {
        "tslib": "^2.4.0"
      }
    },
    "@mikefesta/3dc-validator": {
      "version": "1.0.0-alpha.7",
      "resolved": "https://registry.npmjs.org/@mikefesta/3dc-validator/-/3dc-validator-1.0.0-alpha.7.tgz",
      "integrity": "sha512-VIGRtJ02gNd4z5oWail0SEH8Ieh03mUxvSaJSezfSnb2FKfDAw5kEmZzuPO8CzBNjl1Fll2GsKhBFmJkVaByVw==",
      "requires": {
        "@babylonjs/core": "^5.18.0",
        "@babylonjs/loaders": "^5.18.0",
        "gltf-validator": "^2.0.0-dev.3.9"
      }
    },
    "babylonjs-gltf2interface": {
      "version": "5.19.0",
      "resolved": "https://registry.npmjs.org/babylonjs-gltf2interface/-/babylonjs-gltf2interface-5.19.0.tgz",
      "integrity": "sha512-ZP8r5tRysL3MODOS6SCtJBTS12sJhRDENVaq/cPi0iv2OlWxmW5sKpBAe/5bunC+I/tWzTJeYu4c2sTNPQ1Pkw==",
      "peer": true
    },
    "chalk": {
      "version": "5.0.1",
      "resolved": "https://registry.npmjs.org/chalk/-/chalk-5.0.1.tgz",
      "integrity": "sha512-Fo07WOYGqMfCWHOzSXOt2CxDbC6skS/jO9ynEcmpANMoPrD+W1r1K6Vx7iNm+AQmETU1Xr2t+n8nzkV9t6xh3w=="
    },
    "gltf-validator": {
      "version": "2.0.0-dev.3.9",
      "resolved": "https://registry.npmjs.org/gltf-validator/-/gltf-validator-2.0.0-dev.3.9.tgz",
      "integrity": "sha512-9nPcAgYJwT6sbml7S3/tC+N/BkqTUSL1u8GcmUQLuwToLR0ZH8CF3i/BhVqDwlg7OmKS2GGjjEcnU/oMMeIQUQ=="
    },
    "tslib": {
      "version": "2.4.0",
      "resolved": "https://registry.npmjs.org/tslib/-/tslib-2.4.0.tgz",
      "integrity": "sha512-d6xOpEDfsi2CZVlPQzGeux8XMwLT9hssAsaPYExaQMuYskwb+x1x7J371tWlbBdWHroy99KnVB6qIkUbs5X3UQ=="
    }
  }
}
