{
  "name": "@mikefesta/khronos-3d-commerce-validator-cli",
  "version": "1.0.0-alpha.1",
  "lockfileVersion": 2,
  "requires": true,
  "packages": {
    "": {
      "name": "@mikefesta/khronos-3d-commerce-validator-cli",
      "version": "1.0.0-alpha.1",
      "license": "SPDX-License-Identifier: Apache-2.0",
      "dependencies": {
        "@mikefesta/khronos-3d-commerce-validator": "^1.0.0-alpha.1",
        "chalk": "^5.0.1"
      }
    },
    "node_modules/@mikefesta/khronos-3d-commerce-validator": {
      "version": "1.0.0-alpha.1",
      "resolved": "https://registry.npmjs.org/@mikefesta/khronos-3d-commerce-validator/-/khronos-3d-commerce-validator-1.0.0-alpha.1.tgz",
      "integrity": "sha512-EoLBvfr7KyQmz/wtR6bw18ofxEcS77EVNFl5o6mkhN4SUjwT1SatvXoke4QiKHy9fZUrXHhDczWjQkFk0QM5wA=="
    },
    "node_modules/chalk": {
      "version": "5.0.1",
      "resolved": "https://registry.npmjs.org/chalk/-/chalk-5.0.1.tgz",
      "integrity": "sha512-Fo07WOYGqMfCWHOzSXOt2CxDbC6skS/jO9ynEcmpANMoPrD+W1r1K6Vx7iNm+AQmETU1Xr2t+n8nzkV9t6xh3w==",
      "engines": {
        "node": "^12.17.0 || ^14.13 || >=16.0.0"
      },
      "funding": {
        "url": "https://github.com/chalk/chalk?sponsor=1"
      }
    }
  },
  "dependencies": {
    "@mikefesta/khronos-3d-commerce-validator": {
      "version": "1.0.0-alpha.1",
      "resolved": "https://registry.npmjs.org/@mikefesta/khronos-3d-commerce-validator/-/khronos-3d-commerce-validator-1.0.0-alpha.1.tgz",
      "integrity": "sha512-EoLBvfr7KyQmz/wtR6bw18ofxEcS77EVNFl5o6mkhN4SUjwT1SatvXoke4QiKHy9fZUrXHhDczWjQkFk0QM5wA=="
    },
    "chalk": {
      "version": "5.0.1",
      "resolved": "https://registry.npmjs.org/chalk/-/chalk-5.0.1.tgz",
      "integrity": "sha512-Fo07WOYGqMfCWHOzSXOt2CxDbC6skS/jO9ynEcmpANMoPrD+W1r1K6Vx7iNm+AQmETU1Xr2t+n8nzkV9t6xh3w=="
    }
  }
}
