{
  "name": "@mikefesta/3dc-validator-cli",
  "version": "1.0.0-alpha.3",
  "lockfileVersion": 2,
  "requires": true,
  "packages": {
    "": {
      "name": "@mikefesta/3dc-validator-cli",
      "version": "1.0.0-alpha.3",
      "license": "SPDX-License-Identifier: Apache-2.0",
      "dependencies": {
        "@mikefesta/3dc-validator": "^1.0.0-alpha.3",
        "chalk": "^5.0.1"
      }
    },
    "node_modules/@mikefesta/3dc-validator": {
      "version": "1.0.0-alpha.3",
      "resolved": "https://registry.npmjs.org/@mikefesta/3dc-validator/-/3dc-validator-1.0.0-alpha.3.tgz",
      "integrity": "sha512-KR84XG++ZJqv1cyqwlwDBgAzSlmDpYihd2yqzeNbcZVNJZVKsAt9NW2t3QjNhzDAH4H3GJdi2xLmRGUlxmUvHw==",
      "dependencies": {
        "gltf-validator": "^2.0.0-dev.3.9"
      }
    },
    "node_modules/chalk": {
      "version": "5.0.1",
      "resolved": "https://registry.npmjs.org/chalk/-/chalk-5.0.1.tgz",
      "integrity": "sha512-Fo07WOYGqMfCWHOzSXOt2CxDbC6skS/jO9ynEcmpANMoPrD+W1r1K6Vx7iNm+AQmETU1Xr2t+n8nzkV9t6xh3w==",
      "engines": {
        "node": "^12.17.0 || ^14.13 || >=16.0.0"
      },
      "funding": {
        "url": "https://github.com/chalk/chalk?sponsor=1"
      }
    },
    "node_modules/gltf-validator": {
      "version": "2.0.0-dev.3.9",
      "resolved": "https://registry.npmjs.org/gltf-validator/-/gltf-validator-2.0.0-dev.3.9.tgz",
      "integrity": "sha512-9nPcAgYJwT6sbml7S3/tC+N/BkqTUSL1u8GcmUQLuwToLR0ZH8CF3i/BhVqDwlg7OmKS2GGjjEcnU/oMMeIQUQ=="
    }
  },
  "dependencies": {
    "@mikefesta/3dc-validator": {
      "version": "1.0.0-alpha.3",
      "resolved": "https://registry.npmjs.org/@mikefesta/3dc-validator/-/3dc-validator-1.0.0-alpha.3.tgz",
      "integrity": "sha512-KR84XG++ZJqv1cyqwlwDBgAzSlmDpYihd2yqzeNbcZVNJZVKsAt9NW2t3QjNhzDAH4H3GJdi2xLmRGUlxmUvHw==",
      "requires": {
        "gltf-validator": "^2.0.0-dev.3.9"
      }
    },
    "chalk": {
      "version": "5.0.1",
      "resolved": "https://registry.npmjs.org/chalk/-/chalk-5.0.1.tgz",
      "integrity": "sha512-Fo07WOYGqMfCWHOzSXOt2CxDbC6skS/jO9ynEcmpANMoPrD+W1r1K6Vx7iNm+AQmETU1Xr2t+n8nzkV9t6xh3w=="
    },
    "gltf-validator": {
      "version": "2.0.0-dev.3.9",
      "resolved": "https://registry.npmjs.org/gltf-validator/-/gltf-validator-2.0.0-dev.3.9.tgz",
      "integrity": "sha512-9nPcAgYJwT6sbml7S3/tC+N/BkqTUSL1u8GcmUQLuwToLR0ZH8CF3i/BhVqDwlg7OmKS2GGjjEcnU/oMMeIQUQ=="
    }
  }
}
